Microsoft Visual Studio Solution File, Format Version 12.00
# Visual Studio Version 17
VisualStudioVersion = 17.5.2.0
MinimumVisualStudioVersion = 10.0.40219.1
Project("{FAE04EC0-301F-11D3-BF4B-00C04F79EFBC}") = "CSE310Game", "CSE310Game\CSE310Game.csproj", "{9A8BEEDE-3DC6-9CE3-EA30-004CF473C429}"
EndProject
Global
	GlobalSection(SolutionConfigurationPlatforms) = preSolution
		Debug|Any CPU = Debug|Any CPU
		Release|Any CPU = Release|Any CPU
	EndGlobalSection
	GlobalSection(ProjectConfigurationPlatforms) = postSolution
		{9A8BEEDE-3DC6-9CE3-EA30-004CF473C429}.Debug|Any CPU.ActiveCfg = Debug|Any CPU
		{9A8BEEDE-3DC6-9CE3-EA30-004CF473C429}.Debug|Any CPU.Build.0 = Debug|Any CPU
		{9A8BEEDE-3DC6-9CE3-EA30-004CF473C429}.Release|Any CPU.ActiveCfg = Release|Any CPU
		{9A8BEEDE-3DC6-9CE3-EA30-004CF473C429}.Release|Any CPU.Build.0 = Release|Any CPU
	EndGlobalSection
	GlobalSection(SolutionProperties) = preSolution
		HideSolutionNode = FALSE
	EndGlobalSection
	GlobalSection(ExtensibilityGlobals) = postSolution
		SolutionGuid = {9509EBE1-AC6F-4F8E-8538-3EB064611C7A}
	EndGlobalSection
EndGlobal
